{
  "requires": true,
  "lockfileVersion": 1,
  "dependencies": {
    "@websanova/vue-knob": {
      "version": "0.4.2",
      "resolved": "https://registry.npmjs.org/@websanova/vue-knob/-/vue-knob-0.4.2.tgz",
      "integrity": "sha512-7RxuJDxG3U8OhRaXbt4PQ71xjetyJ0kLnKsW4nmwZX/fFlD13epOls7ikTdJXXIfAbr160tUqdaawtm9cOsJ8w=="
    }
  }
}
